
Microsoft Visual Studio Solution File, Format Version 12.00
Project("{F2A71F9B-5D33-465A-A702-920D77279786}") = "fsllvm", "fsllvm.fsproj", "{97BF9534-7009-4534-9102-E1621D34136E}"
EndProject
Global
	GlobalSection(SolutionConfigurationPlatforms) = preSolution
		Debug|Any CPU = Debug|Any CPU
		Release|Any CPU = Release|Any CPU
	EndGlobalSection
	GlobalSection(ProjectConfigurationPlatforms) = postSolution
		{97BF9534-7009-4534-9102-E1621D34136E}.Debug|Any CPU.ActiveCfg = Debug|Any CPU
		{97BF9534-7009-4534-9102-E1621D34136E}.Debug|Any CPU.Build.0 = Debug|Any CPU
		{97BF9534-7009-4534-9102-E1621D34136E}.Release|Any CPU.ActiveCfg = Release|Any CPU
		{97BF9534-7009-4534-9102-E1621D34136E}.Release|Any CPU.Build.0 = Release|Any CPU
	EndGlobalSection
EndGlobal
